
Microsoft Visual Studio Solution File, Format Version 12.00
# Visual Studio 15
VisualStudioVersion = 15.0.27703.2035
MinimumVisualStudioVersion = 10.0.40219.1
Project("{FAE04EC0-301F-11D3-BF4B-00C04F79EFBC}") = "TStrategy", "TStrategy\TStrategy.csproj", "{BF900785-B61A-4827-A831-DC9318708846}"
EndProject
Global
	GlobalSection(SolutionConfigurationPlatforms) = preSolution
		Debug|Any CPU = Debug|Any CPU
		Release|Any CPU = Release|Any CPU
	EndGlobalSection
	GlobalSection(ProjectConfigurationPlatforms) = postSolution
		{BF900785-B61A-4827-A831-DC9318708846}.Debug|Any CPU.ActiveCfg = Debug|Any CPU
		{BF900785-B61A-4827-A831-DC9318708846}.Debug|Any CPU.Build.0 = Debug|Any CPU
		{BF900785-B61A-4827-A831-DC9318708846}.Release|Any CPU.ActiveCfg = Release|Any CPU
		{BF900785-B61A-4827-A831-DC9318708846}.Release|Any CPU.Build.0 = Release|Any CPU
	EndGlobalSection
	GlobalSection(SolutionProperties) = preSolution
		HideSolutionNode = FALSE
	EndGlobalSection
	GlobalSection(ExtensibilityGlobals) = postSolution
		SolutionGuid = {50020C9B-2B84-4DBD-8777-7A70C06CFB5C}
	EndGlobalSection
EndGlobal
